
Microsoft Visual Studio Solution File, Format Version 12.00
# Visual Studio 14
VisualStudioVersion = 14.0.24720.0
MinimumVisualStudioVersion = 10.0.40219.1
Project("{FAE04EC0-301F-11D3-BF4B-00C04F79EFBC}") = "AcceptanceTests", "AcceptanceTests\AcceptanceTests.csproj", "{A7EF1ED6-0AC1-4C91-8AD4-755B995A36A2}"
EndProject
Project("{FAE04EC0-301F-11D3-BF4B-00C04F79EFBC}") = "BrowserUserSimulator", "BrowserUserSimulator\BrowserUserSimulator.csproj", "{1283463F-6CD4-475D-AAF0-BD284E41008D}"
EndProject
Global
	GlobalSection(SolutionConfigurationPlatforms) = preSolution
		Debug|Any CPU = Debug|Any CPU
		Release|Any CPU = Release|Any CPU
	EndGlobalSection
	GlobalSection(ProjectConfigurationPlatforms) = postSolution
		{A7EF1ED6-0AC1-4C91-8AD4-755B995A36A2}.Debug|Any CPU.ActiveCfg = Debug|Any CPU
		{A7EF1ED6-0AC1-4C91-8AD4-755B995A36A2}.Debug|Any CPU.Build.0 = Debug|Any CPU
		{A7EF1ED6-0AC1-4C91-8AD4-755B995A36A2}.Release|Any CPU.ActiveCfg = Release|Any CPU
		{A7EF1ED6-0AC1-4C91-8AD4-755B995A36A2}.Release|Any CPU.Build.0 = Release|Any CPU
		{1283463F-6CD4-475D-AAF0-BD284E41008D}.Debug|Any CPU.ActiveCfg = Debug|Any CPU
		{1283463F-6CD4-475D-AAF0-BD284E41008D}.Debug|Any CPU.Build.0 = Debug|Any CPU
		{1283463F-6CD4-475D-AAF0-BD284E41008D}.Release|Any CPU.ActiveCfg = Release|Any CPU
		{1283463F-6CD4-475D-AAF0-BD284E41008D}.Release|Any CPU.Build.0 = Release|Any CPU
	EndGlobalSection
	GlobalSection(SolutionProperties) = preSolution
		HideSolutionNode = FALSE
	EndGlobalSection
EndGlobal
